PODS:
  - AFNetworking (3.2.1):
    - AFNetworking/NSURLSession (= 3.2.1)
    - AFNetworking/Reachability (= 3.2.1)
    - AFNetworking/Security (= 3.2.1)
    - AFNetworking/Serialization (= 3.2.1)
    - AFNetworking/UIKit (= 3.2.1)
  - AFNetworking/NSURLSession (3.2.1):
    - AFNetworking/Reachability
    - AFNetworking/Security
    - AFNetworking/Serialization
  - AFNetworking/Reachability (3.2.1)
  - AFNetworking/Security (3.2.1)
  - AFNetworking/Serialization (3.2.1)
  - AFNetworking/UIKit (3.2.1):
    - AFNetworking/NSURLSession
  - AGAsyncTestHelper/Core (1.0)
  - AGAsyncTestHelper/Shorthand (1.0):
    - AGAsyncTestHelper/Core
  - CocoaLumberjack (3.5.3):
    - CocoaLumberjack/Core (= 3.5.3)
  - CocoaLumberjack/Core (3.5.3)
  - FBRetainCycleDetector (0.1.4)
  - fishhook (0.2)
  - FLEX (3.0.0)
  - GYHttpMock (1.0.1)
  - MTAppenderFile (0.4.3)
  - MTGLDebug (3.1.1):
    - fishhook (~> 0.2)
    - MTGLDebug/ARC (= 3.1.1)
    - MTGLDebug/MRC (= 3.1.1)
  - MTGLDebug/ARC (3.1.1):
    - fishhook (~> 0.2)
    - MTGLDebug/MRC
  - MTGLDebug/MRC (3.1.1):
    - fishhook (~> 0.2)
  - MTHawkeye/BackgroundTaskTrace (0.12.0):
    - MTHawkeye/BackgroundTaskTrace/Core (= 0.12.0)
    - MTHawkeye/BackgroundTaskTrace/HawkeyeCore (= 0.12.0)
  - MTHawkeye/BackgroundTaskTrace/Core (0.12.0):
    - MTHawkeye/Utils
  - MTHawkeye/BackgroundTaskTrace/HawkeyeCore (0.12.0):
    - MTHawkeye/BackgroundTaskTrace/Core
    - MTHawkeye/Core
    - MTHawkeye/StackBacktrace
  - MTHawkeye/Core (0.12.0):
    - MTHawkeye/Utils
  - MTHawkeye/DefaultPlugins (0.12.0):
    - CocoaLumberjack
    - MTHawkeye/DefaultPluginsWithoutLog
  - MTHawkeye/DefaultPluginsWithoutLog (0.12.0):
    - MTHawkeye/DefaultPluginsWithoutLogAndGL
    - MTHawkeye/GraphicsPlugins
  - MTHawkeye/DefaultPluginsWithoutLogAndGL (0.12.0):
    - MTHawkeye/Core
    - MTHawkeye/EnergyPlugins
    - MTHawkeye/FLEXExtension
    - MTHawkeye/MemoryPlugins
    - MTHawkeye/NetworkPlugins
    - MTHawkeye/StorageMonitorPlugins
    - MTHawkeye/TimeConsumingPlugins
    - MTHawkeye/UISkeleton
  - MTHawkeye/EnergyPlugins (0.12.0):
    - MTHawkeye/EnergyPlugins/CPUTrace (= 0.12.0)
  - MTHawkeye/EnergyPlugins/CPUTrace (0.12.0):
    - MTHawkeye/EnergyPlugins/CPUTrace/Core (= 0.12.0)
    - MTHawkeye/EnergyPlugins/CPUTrace/HawkeyeCore (= 0.12.0)
    - MTHawkeye/EnergyPlugins/CPUTrace/HawkeyeUI (= 0.12.0)
  - MTHawkeye/EnergyPlugins/CPUTrace/Core (0.12.0):
    - MTHawkeye/Core
    - MTHawkeye/StackBacktrace
  - MTHawkeye/EnergyPlugins/CPUTrace/HawkeyeCore (0.12.0):
    - MTHawkeye/Core
    - MTHawkeye/EnergyPlugins/CPUTrace/Core
  - MTHawkeye/EnergyPlugins/CPUTrace/HawkeyeUI (0.12.0):
    - MTHawkeye/Core
    - MTHawkeye/EnergyPlugins/CPUTrace/HawkeyeCore
    - MTHawkeye/UISkeleton
  - MTHawkeye/FLEXExtension (0.12.0):
    - FLEX (= 3.0.0)
    - MTHawkeye/UISkeleton
  - MTHawkeye/GraphicsPlugins (0.12.0):
    - MTHawkeye/GraphicsPlugins/OpenGLTrace (= 0.12.0)
  - MTHawkeye/GraphicsPlugins/OpenGLTrace (0.12.0):
    - MTGLDebug
    - MTHawkeye/UISkeleton
  - MTHawkeye/MemoryPlugins (0.12.0):
    - MTHawkeye/MemoryPlugins/Allocations (= 0.12.0)
    - MTHawkeye/MemoryPlugins/LivingObjectSniffer (= 0.12.0)
  - MTHawkeye/MemoryPlugins/Allocations (0.12.0):
    - MTHawkeye/MemoryPlugins/Allocations/Core (= 0.12.0)
    - MTHawkeye/MemoryPlugins/Allocations/HawkeyeCore (= 0.12.0)
    - MTHawkeye/MemoryPlugins/Allocations/HawkeyeUI (= 0.12.0)
  - MTHawkeye/MemoryPlugins/Allocations/Core (0.12.0):
    - MTHawkeye/MemoryPlugins/Allocations/Core/no-arc (= 0.12.0)
    - MTHawkeye/StackBacktrace
    - MTHawkeye/Utils
  - MTHawkeye/MemoryPlugins/Allocations/Core/no-arc (0.12.0):
    - MTHawkeye/StackBacktrace
    - MTHawkeye/Utils
  - MTHawkeye/MemoryPlugins/Allocations/HawkeyeCore (0.12.0):
    - MTHawkeye/Core
    - MTHawkeye/MemoryPlugins/Allocations/Core
  - MTHawkeye/MemoryPlugins/Allocations/HawkeyeUI (0.12.0):
    - MTHawkeye/MemoryPlugins/Allocations/Core
    - MTHawkeye/MemoryPlugins/Allocations/HawkeyeCore
    - MTHawkeye/UISkeleton
  - MTHawkeye/MemoryPlugins/LivingObjectSniffer (0.12.0):
    - MTHawkeye/MemoryPlugins/LivingObjectSniffer/Core (= 0.12.0)
    - MTHawkeye/MemoryPlugins/LivingObjectSniffer/HawkeyeCore (= 0.12.0)
    - MTHawkeye/MemoryPlugins/LivingObjectSniffer/HawkeyeUI (= 0.12.0)
  - MTHawkeye/MemoryPlugins/LivingObjectSniffer/Core (0.12.0):
    - MTHawkeye/Utils
  - MTHawkeye/MemoryPlugins/LivingObjectSniffer/HawkeyeCore (0.12.0):
    - MTHawkeye/Core
    - MTHawkeye/MemoryPlugins/LivingObjectSniffer/Core
  - MTHawkeye/MemoryPlugins/LivingObjectSniffer/HawkeyeUI (0.12.0):
    - FBRetainCycleDetector
    - MTHawkeye/MemoryPlugins/LivingObjectSniffer/HawkeyeCore
    - MTHawkeye/UISkeleton
  - MTHawkeye/NetworkPlugins (0.12.0):
    - MTHawkeye/NetworkPlugins/HawkeyeUI (= 0.12.0)
    - MTHawkeye/NetworkPlugins/Inspect (= 0.12.0)
    - MTHawkeye/NetworkPlugins/Monitor (= 0.12.0)
  - MTHawkeye/NetworkPlugins/HawkeyeUI (0.12.0):
    - FLEX
    - MTHawkeye/NetworkPlugins/Inspect
    - MTHawkeye/NetworkPlugins/Monitor
    - MTHawkeye/UISkeleton
  - MTHawkeye/NetworkPlugins/Inspect (0.12.0):
    - MTHawkeye/NetworkPlugins/Inspect/Core (= 0.12.0)
    - MTHawkeye/NetworkPlugins/Inspect/HawkeyeCore (= 0.12.0)
  - MTHawkeye/NetworkPlugins/Inspect/Core (0.12.0):
    - MTHawkeye/Core
    - MTHawkeye/NetworkPlugins/Monitor
  - MTHawkeye/NetworkPlugins/Inspect/HawkeyeCore (0.12.0):
    - MTHawkeye/Core
    - MTHawkeye/NetworkPlugins/Inspect/Core
  - MTHawkeye/NetworkPlugins/Monitor (0.12.0):
    - MTHawkeye/NetworkPlugins/Monitor/Core (= 0.12.0)
    - MTHawkeye/NetworkPlugins/Monitor/HawkeyeCore (= 0.12.0)
  - MTHawkeye/NetworkPlugins/Monitor/Core (0.12.0):
    - MTHawkeye/Core
  - MTHawkeye/NetworkPlugins/Monitor/HawkeyeCore (0.12.0):
    - MTHawkeye/Core
    - MTHawkeye/NetworkPlugins/Monitor/Core
  - MTHawkeye/StackBacktrace (0.12.0):
    - MTHawkeye/Utils
  - MTHawkeye/StorageMonitorPlugins (0.12.0):
    - MTHawkeye/StorageMonitorPlugins/DirectoryWatcher (= 0.12.0)
  - MTHawkeye/StorageMonitorPlugins/DirectoryWatcher (0.12.0):
    - MTHawkeye/StorageMonitorPlugins/DirectoryWatcher/Core (= 0.12.0)
    - MTHawkeye/StorageMonitorPlugins/DirectoryWatcher/HawkeyeCore (= 0.12.0)
    - MTHawkeye/StorageMonitorPlugins/DirectoryWatcher/HawkeyeUI (= 0.12.0)
  - MTHawkeye/StorageMonitorPlugins/DirectoryWatcher/Core (0.12.0):
    - MTHawkeye/Utils
  - MTHawkeye/StorageMonitorPlugins/DirectoryWatcher/HawkeyeCore (0.12.0):
    - MTHawkeye/Core
    - MTHawkeye/StorageMonitorPlugins/DirectoryWatcher/Core
  - MTHawkeye/StorageMonitorPlugins/DirectoryWatcher/HawkeyeUI (0.12.0):
    - MTHawkeye/FLEXExtension
    - MTHawkeye/StorageMonitorPlugins/DirectoryWatcher/HawkeyeCore
    - MTHawkeye/UISkeleton
  - MTHawkeye/TimeConsumingPlugins (0.12.0):
    - MTHawkeye/TimeConsumingPlugins/ANRTrace (= 0.12.0)
    - MTHawkeye/TimeConsumingPlugins/FPSTrace (= 0.12.0)
    - MTHawkeye/TimeConsumingPlugins/ObjcCallTrace (= 0.12.0)
    - MTHawkeye/TimeConsumingPlugins/UITimeProfiler (= 0.12.0)
  - MTHawkeye/TimeConsumingPlugins/ANRTrace (0.12.0):
    - MTHawkeye/TimeConsumingPlugins/ANRTrace/Core (= 0.12.0)
    - MTHawkeye/TimeConsumingPlugins/ANRTrace/HawkeyeCore (= 0.12.0)
    - MTHawkeye/TimeConsumingPlugins/ANRTrace/HawkeyeUI (= 0.12.0)
  - MTHawkeye/TimeConsumingPlugins/ANRTrace/Core (0.12.0):
    - MTHawkeye/StackBacktrace
    - MTHawkeye/Utils
  - MTHawkeye/TimeConsumingPlugins/ANRTrace/HawkeyeCore (0.12.0):
    - MTHawkeye/Core
    - MTHawkeye/TimeConsumingPlugins/ANRTrace/Core
  - MTHawkeye/TimeConsumingPlugins/ANRTrace/HawkeyeUI (0.12.0):
    - MTHawkeye/Core
    - MTHawkeye/TimeConsumingPlugins/ANRTrace/HawkeyeCore
    - MTHawkeye/UISkeleton
  - MTHawkeye/TimeConsumingPlugins/FPSTrace (0.12.0):
    - MTHawkeye/TimeConsumingPlugins/FPSTrace/Core (= 0.12.0)
    - MTHawkeye/TimeConsumingPlugins/FPSTrace/HawkeyeCore (= 0.12.0)
    - MTHawkeye/TimeConsumingPlugins/FPSTrace/HawkeyeUI (= 0.12.0)
  - MTHawkeye/TimeConsumingPlugins/FPSTrace/Core (0.12.0):
    - MTHawkeye/Core
  - MTHawkeye/TimeConsumingPlugins/FPSTrace/HawkeyeCore (0.12.0):
    - MTHawkeye/Core
    - MTHawkeye/TimeConsumingPlugins/FPSTrace/Core
  - MTHawkeye/TimeConsumingPlugins/FPSTrace/HawkeyeUI (0.12.0):
    - MTHawkeye/Core
    - MTHawkeye/TimeConsumingPlugins/FPSTrace/Core
    - MTHawkeye/TimeConsumingPlugins/FPSTrace/HawkeyeCore
    - MTHawkeye/UISkeleton
  - MTHawkeye/TimeConsumingPlugins/ObjcCallTrace (0.12.0):
    - MTHawkeye/TimeConsumingPlugins/ObjcCallTrace/Core (= 0.12.0)
    - MTHawkeye/TimeConsumingPlugins/ObjcCallTrace/HawkeyeCore (= 0.12.0)
  - MTHawkeye/TimeConsumingPlugins/ObjcCallTrace/Core (0.12.0):
    - fishhook (~> 0.2)
    - MTHawkeye/Utils
  - MTHawkeye/TimeConsumingPlugins/ObjcCallTrace/HawkeyeCore (0.12.0):
    - MTHawkeye/Core
    - MTHawkeye/TimeConsumingPlugins/ObjcCallTrace/Core
  - MTHawkeye/TimeConsumingPlugins/UITimeProfiler (0.12.0):
    - MTHawkeye/TimeConsumingPlugins/UITimeProfiler/Core (= 0.12.0)
    - MTHawkeye/TimeConsumingPlugins/UITimeProfiler/HawkeyeCore (= 0.12.0)
    - MTHawkeye/TimeConsumingPlugins/UITimeProfiler/HawkeyeUI (= 0.12.0)
  - MTHawkeye/TimeConsumingPlugins/UITimeProfiler/Core (0.12.0):
    - MTHawkeye/Core
  - MTHawkeye/TimeConsumingPlugins/UITimeProfiler/HawkeyeCore (0.12.0):
    - MTHawkeye/Core
    - MTHawkeye/TimeConsumingPlugins/UITimeProfiler/Core
  - MTHawkeye/TimeConsumingPlugins/UITimeProfiler/HawkeyeUI (0.12.0):
    - MTHawkeye/Core
    - MTHawkeye/TimeConsumingPlugins/ObjcCallTrace
    - MTHawkeye/TimeConsumingPlugins/UITimeProfiler/HawkeyeCore
    - MTHawkeye/UISkeleton
  - MTHawkeye/UISkeleton (0.12.0):
    - MTHawkeye/Core
  - MTHawkeye/Utils (0.12.0):
    - MTAppenderFile
    - MTHawkeye/Utils/cpp (= 0.12.0)
  - MTHawkeye/Utils/cpp (0.12.0):
    - MTAppenderFile

DEPENDENCIES:
  - AFNetworking
  - AGAsyncTestHelper/Shorthand
  - CocoaLumberjack
  - FBRetainCycleDetector
  - fishhook
  - FLEX
  - GYHttpMock
  - MTAppenderFile (~> 0.4.0)
  - MTGLDebug
  - MTHawkeye/BackgroundTaskTrace (from `../`)
  - MTHawkeye/DefaultPlugins (from `../`)

SPEC REPOS:
  https://github.com/cocoapods/specs.git:
    - AFNetworking
    - AGAsyncTestHelper
    - CocoaLumberjack
    - FBRetainCycleDetector
    - fishhook
    - FLEX
    - GYHttpMock
    - MTAppenderFile
    - MTGLDebug

EXTERNAL SOURCES:
  MTHawkeye:
    :path: "../"

SPEC CHECKSUMS:
  AFNetworking: b6f891fdfaed196b46c7a83cf209e09697b94057
  AGAsyncTestHelper: b1399096574bab94f2c94e9be3e8d88e7cefbc17
  CocoaLumberjack: 2f44e60eb91c176d471fdba43b9e3eae6a721947
  FBRetainCycleDetector: 46f8179bbb1c587deee3ea838a1a3ee02acf5015
  fishhook: ea19933abfe8f2f52c55fd8b6e2718467d3ebc89
  FLEX: d66c759bce0f6ebbbf472c742380874d846f2883
  GYHttpMock: ad08e55ce8bde4e7f7b4d0cbc79ff23c1311658b
  MTAppenderFile: c7db8f33a8140ee2275a6200305fd11e609fae33
  MTGLDebug: a65833811c1e8b84b2100dfb6b41c29c029254d6
  MTHawkeye: 1b069c957eb6af153b9f11e0e07d247f9246ec30

PODFILE CHECKSUM: d38354cf1ef618c2dd09b7228bb0c995f7d7c949

COCOAPODS: 1.7.5
