PODS:
  - AFNetworking (3.2.1):
    - AFNetworking/NSURLSession (= 3.2.1)
    - AFNetworking/Reachability (= 3.2.1)
    - AFNetworking/Security (= 3.2.1)
    - AFNetworking/Serialization (= 3.2.1)
    - AFNetworking/UIKit (= 3.2.1)
  - AFNetworking/NSURLSession (3.2.1):
    - AFNetworking/Reachability
    - AFNetworking/Security
    - AFNetworking/Serialization
  - AFNetworking/Reachability (3.2.1)
  - AFNetworking/Security (3.2.1)
  - AFNetworking/Serialization (3.2.1)
  - AFNetworking/UIKit (3.2.1):
    - AFNetworking/NSURLSession
  - AGAsyncTestHelper/Core (1.0)
  - AGAsyncTestHelper/Shorthand (1.0):
    - AGAsyncTestHelper/Core
  - CocoaLumberjack (3.5.2):
    - CocoaLumberjack/Core (= 3.5.2)
  - CocoaLumberjack/Core (3.5.2)
  - FBRetainCycleDetector (0.1.4)
  - fishhook (0.2)
  - FLEX (3.0.0)
  - GYHttpMock (1.0.1)
  - MTAppenderFile (0.4.0)
  - MTGLDebug (3.0.0):
    - fishhook (~> 0.2)
    - MTGLDebug/ARC (= 3.0.0)
    - MTGLDebug/MRC (= 3.0.0)
  - MTGLDebug/ARC (3.0.0):
    - fishhook (~> 0.2)
    - MTGLDebug/MRC
  - MTGLDebug/MRC (3.0.0):
    - fishhook (~> 0.2)
  - MTHawkeye (0.11.1):
    - MTHawkeye/Core (= 0.11.1)
    - MTHawkeye/DefaultPlugins (= 0.11.1)
    - MTHawkeye/DefaultPluginsWithoutLog (= 0.11.1)
    - MTHawkeye/EnergyPlugins (= 0.11.1)
    - MTHawkeye/FLEXExtension (= 0.11.1)
    - MTHawkeye/GraphicsPlugins (= 0.11.1)
    - MTHawkeye/MemoryPlugins (= 0.11.1)
    - MTHawkeye/NetworkPlugins (= 0.11.1)
    - MTHawkeye/StackBacktrace (= 0.11.1)
    - MTHawkeye/StorageMonitorPlugins (= 0.11.1)
    - MTHawkeye/TimeConsumingPlugins (= 0.11.1)
    - MTHawkeye/UISkeleton (= 0.11.1)
    - MTHawkeye/Utils (= 0.11.1)
  - MTHawkeye/Core (0.11.1):
    - MTHawkeye/Utils
  - MTHawkeye/DefaultPlugins (0.11.1):
    - CocoaLumberjack
    - MTHawkeye/DefaultPluginsWithoutLog
  - MTHawkeye/DefaultPluginsWithoutLog (0.11.1):
    - MTHawkeye/Core
    - MTHawkeye/EnergyPlugins
    - MTHawkeye/FLEXExtension
    - MTHawkeye/GraphicsPlugins
    - MTHawkeye/MemoryPlugins
    - MTHawkeye/NetworkPlugins
    - MTHawkeye/StorageMonitorPlugins
    - MTHawkeye/TimeConsumingPlugins
    - MTHawkeye/UISkeleton
  - MTHawkeye/EnergyPlugins (0.11.1):
    - MTHawkeye/EnergyPlugins/CPUTrace (= 0.11.1)
  - MTHawkeye/EnergyPlugins/CPUTrace (0.11.1):
    - MTHawkeye/EnergyPlugins/CPUTrace/Core (= 0.11.1)
    - MTHawkeye/EnergyPlugins/CPUTrace/HawkeyeCore (= 0.11.1)
    - MTHawkeye/EnergyPlugins/CPUTrace/HawkeyeUI (= 0.11.1)
  - MTHawkeye/EnergyPlugins/CPUTrace/Core (0.11.1):
    - MTHawkeye/Core
    - MTHawkeye/StackBacktrace
  - MTHawkeye/EnergyPlugins/CPUTrace/HawkeyeCore (0.11.1):
    - MTHawkeye/Core
    - MTHawkeye/EnergyPlugins/CPUTrace/Core
  - MTHawkeye/EnergyPlugins/CPUTrace/HawkeyeUI (0.11.1):
    - MTHawkeye/Core
    - MTHawkeye/EnergyPlugins/CPUTrace/HawkeyeCore
    - MTHawkeye/UISkeleton
  - MTHawkeye/FLEXExtension (0.11.1):
    - FLEX
    - MTHawkeye/UISkeleton
  - MTHawkeye/GraphicsPlugins (0.11.1):
    - MTHawkeye/GraphicsPlugins/OpenGLTrace (= 0.11.1)
  - MTHawkeye/GraphicsPlugins/OpenGLTrace (0.11.1):
    - MTGLDebug
    - MTHawkeye/UISkeleton
  - MTHawkeye/MemoryPlugins (0.11.1):
    - MTHawkeye/MemoryPlugins/Allocations (= 0.11.1)
    - MTHawkeye/MemoryPlugins/LivingObjectSniffer (= 0.11.1)
  - MTHawkeye/MemoryPlugins/Allocations (0.11.1):
    - MTHawkeye/MemoryPlugins/Allocations/Core (= 0.11.1)
    - MTHawkeye/MemoryPlugins/Allocations/HawkeyeCore (= 0.11.1)
    - MTHawkeye/MemoryPlugins/Allocations/HawkeyeUI (= 0.11.1)
  - MTHawkeye/MemoryPlugins/Allocations/Core (0.11.1):
    - MTHawkeye/MemoryPlugins/Allocations/Core/no-arc (= 0.11.1)
    - MTHawkeye/StackBacktrace
    - MTHawkeye/Utils
  - MTHawkeye/MemoryPlugins/Allocations/Core/no-arc (0.11.1):
    - MTHawkeye/StackBacktrace
    - MTHawkeye/Utils
  - MTHawkeye/MemoryPlugins/Allocations/HawkeyeCore (0.11.1):
    - MTHawkeye/Core
    - MTHawkeye/MemoryPlugins/Allocations/Core
  - MTHawkeye/MemoryPlugins/Allocations/HawkeyeUI (0.11.1):
    - MTHawkeye/MemoryPlugins/Allocations/Core
    - MTHawkeye/MemoryPlugins/Allocations/HawkeyeCore
    - MTHawkeye/UISkeleton
  - MTHawkeye/MemoryPlugins/LivingObjectSniffer (0.11.1):
    - MTHawkeye/MemoryPlugins/LivingObjectSniffer/Core (= 0.11.1)
    - MTHawkeye/MemoryPlugins/LivingObjectSniffer/HawkeyeCore (= 0.11.1)
    - MTHawkeye/MemoryPlugins/LivingObjectSniffer/HawkeyeUI (= 0.11.1)
  - MTHawkeye/MemoryPlugins/LivingObjectSniffer/Core (0.11.1):
    - MTHawkeye/Utils
  - MTHawkeye/MemoryPlugins/LivingObjectSniffer/HawkeyeCore (0.11.1):
    - MTHawkeye/Core
    - MTHawkeye/MemoryPlugins/LivingObjectSniffer/Core
  - MTHawkeye/MemoryPlugins/LivingObjectSniffer/HawkeyeUI (0.11.1):
    - FBRetainCycleDetector
    - MTHawkeye/MemoryPlugins/LivingObjectSniffer/HawkeyeCore
    - MTHawkeye/UISkeleton
  - MTHawkeye/NetworkPlugins (0.11.1):
    - MTHawkeye/NetworkPlugins/HawkeyeUI (= 0.11.1)
    - MTHawkeye/NetworkPlugins/Inspect (= 0.11.1)
    - MTHawkeye/NetworkPlugins/Monitor (= 0.11.1)
  - MTHawkeye/NetworkPlugins/HawkeyeUI (0.11.1):
    - FLEX
    - MTHawkeye/NetworkPlugins/Inspect
    - MTHawkeye/NetworkPlugins/Monitor
    - MTHawkeye/UISkeleton
  - MTHawkeye/NetworkPlugins/Inspect (0.11.1):
    - MTHawkeye/NetworkPlugins/Inspect/Core (= 0.11.1)
    - MTHawkeye/NetworkPlugins/Inspect/HawkeyeCore (= 0.11.1)
  - MTHawkeye/NetworkPlugins/Inspect/Core (0.11.1):
    - MTHawkeye/Core
    - MTHawkeye/NetworkPlugins/Monitor
  - MTHawkeye/NetworkPlugins/Inspect/HawkeyeCore (0.11.1):
    - MTHawkeye/Core
    - MTHawkeye/NetworkPlugins/Inspect/Core
  - MTHawkeye/NetworkPlugins/Monitor (0.11.1):
    - MTHawkeye/NetworkPlugins/Monitor/Core (= 0.11.1)
    - MTHawkeye/NetworkPlugins/Monitor/HawkeyeCore (= 0.11.1)
  - MTHawkeye/NetworkPlugins/Monitor/Core (0.11.1):
    - MTHawkeye/Core
  - MTHawkeye/NetworkPlugins/Monitor/HawkeyeCore (0.11.1):
    - MTHawkeye/Core
    - MTHawkeye/NetworkPlugins/Monitor/Core
  - MTHawkeye/StackBacktrace (0.11.1):
    - MTHawkeye/Utils
  - MTHawkeye/StorageMonitorPlugins (0.11.1):
    - MTHawkeye/StorageMonitorPlugins/DirectoryWatcher (= 0.11.1)
  - MTHawkeye/StorageMonitorPlugins/DirectoryWatcher (0.11.1):
    - MTHawkeye/StorageMonitorPlugins/DirectoryWatcher/Core (= 0.11.1)
    - MTHawkeye/StorageMonitorPlugins/DirectoryWatcher/HawkeyeCore (= 0.11.1)
    - MTHawkeye/StorageMonitorPlugins/DirectoryWatcher/HawkeyeUI (= 0.11.1)
  - MTHawkeye/StorageMonitorPlugins/DirectoryWatcher/Core (0.11.1):
    - MTHawkeye/Utils
  - MTHawkeye/StorageMonitorPlugins/DirectoryWatcher/HawkeyeCore (0.11.1):
    - MTHawkeye/Core
    - MTHawkeye/StorageMonitorPlugins/DirectoryWatcher/Core
  - MTHawkeye/StorageMonitorPlugins/DirectoryWatcher/HawkeyeUI (0.11.1):
    - MTHawkeye/FLEXExtension
    - MTHawkeye/StorageMonitorPlugins/DirectoryWatcher/HawkeyeCore
    - MTHawkeye/UISkeleton
  - MTHawkeye/TimeConsumingPlugins (0.11.1):
    - MTHawkeye/TimeConsumingPlugins/ANRTrace (= 0.11.1)
    - MTHawkeye/TimeConsumingPlugins/FPSTrace (= 0.11.1)
    - MTHawkeye/TimeConsumingPlugins/ObjcCallTrace (= 0.11.1)
    - MTHawkeye/TimeConsumingPlugins/UITimeProfiler (= 0.11.1)
  - MTHawkeye/TimeConsumingPlugins/ANRTrace (0.11.1):
    - MTHawkeye/TimeConsumingPlugins/ANRTrace/Core (= 0.11.1)
    - MTHawkeye/TimeConsumingPlugins/ANRTrace/HawkeyeCore (= 0.11.1)
    - MTHawkeye/TimeConsumingPlugins/ANRTrace/HawkeyeUI (= 0.11.1)
  - MTHawkeye/TimeConsumingPlugins/ANRTrace/Core (0.11.1):
    - MTHawkeye/StackBacktrace
    - MTHawkeye/Utils
  - MTHawkeye/TimeConsumingPlugins/ANRTrace/HawkeyeCore (0.11.1):
    - MTHawkeye/Core
    - MTHawkeye/TimeConsumingPlugins/ANRTrace/Core
  - MTHawkeye/TimeConsumingPlugins/ANRTrace/HawkeyeUI (0.11.1):
    - MTHawkeye/Core
    - MTHawkeye/TimeConsumingPlugins/ANRTrace/HawkeyeCore
    - MTHawkeye/UISkeleton
  - MTHawkeye/TimeConsumingPlugins/FPSTrace (0.11.1):
    - MTHawkeye/TimeConsumingPlugins/FPSTrace/Core (= 0.11.1)
    - MTHawkeye/TimeConsumingPlugins/FPSTrace/HawkeyeCore (= 0.11.1)
    - MTHawkeye/TimeConsumingPlugins/FPSTrace/HawkeyeUI (= 0.11.1)
  - MTHawkeye/TimeConsumingPlugins/FPSTrace/Core (0.11.1):
    - MTHawkeye/Core
  - MTHawkeye/TimeConsumingPlugins/FPSTrace/HawkeyeCore (0.11.1):
    - MTHawkeye/Core
    - MTHawkeye/TimeConsumingPlugins/FPSTrace/Core
  - MTHawkeye/TimeConsumingPlugins/FPSTrace/HawkeyeUI (0.11.1):
    - MTHawkeye/Core
    - MTHawkeye/TimeConsumingPlugins/FPSTrace/Core
    - MTHawkeye/TimeConsumingPlugins/FPSTrace/HawkeyeCore
    - MTHawkeye/UISkeleton
  - MTHawkeye/TimeConsumingPlugins/ObjcCallTrace (0.11.1):
    - MTHawkeye/TimeConsumingPlugins/ObjcCallTrace/Core (= 0.11.1)
    - MTHawkeye/TimeConsumingPlugins/ObjcCallTrace/HawkeyeCore (= 0.11.1)
  - MTHawkeye/TimeConsumingPlugins/ObjcCallTrace/Core (0.11.1):
    - fishhook (~> 0.2)
    - MTHawkeye/Utils
  - MTHawkeye/TimeConsumingPlugins/ObjcCallTrace/HawkeyeCore (0.11.1):
    - MTHawkeye/Core
    - MTHawkeye/TimeConsumingPlugins/ObjcCallTrace/Core
  - MTHawkeye/TimeConsumingPlugins/UITimeProfiler (0.11.1):
    - MTHawkeye/TimeConsumingPlugins/UITimeProfiler/Core (= 0.11.1)
    - MTHawkeye/TimeConsumingPlugins/UITimeProfiler/HawkeyeCore (= 0.11.1)
    - MTHawkeye/TimeConsumingPlugins/UITimeProfiler/HawkeyeUI (= 0.11.1)
  - MTHawkeye/TimeConsumingPlugins/UITimeProfiler/Core (0.11.1):
    - MTHawkeye/Core
  - MTHawkeye/TimeConsumingPlugins/UITimeProfiler/HawkeyeCore (0.11.1):
    - MTHawkeye/Core
    - MTHawkeye/TimeConsumingPlugins/UITimeProfiler/Core
  - MTHawkeye/TimeConsumingPlugins/UITimeProfiler/HawkeyeUI (0.11.1):
    - MTHawkeye/Core
    - MTHawkeye/TimeConsumingPlugins/ObjcCallTrace
    - MTHawkeye/TimeConsumingPlugins/UITimeProfiler/HawkeyeCore
    - MTHawkeye/UISkeleton
  - MTHawkeye/UISkeleton (0.11.1):
    - MTHawkeye/Core
  - MTHawkeye/Utils (0.11.1):
    - MTAppenderFile

DEPENDENCIES:
  - AFNetworking
  - AGAsyncTestHelper/Shorthand
  - CocoaLumberjack
  - FBRetainCycleDetector
  - fishhook
  - FLEX (~> 3.0.0)
  - GYHttpMock
  - MTAppenderFile (~> 0.4.0)
  - MTGLDebug (~> 3.0.0)
  - MTHawkeye (from `../`)

SPEC REPOS:
  https://github.com/cocoapods/specs.git:
    - AFNetworking
    - AGAsyncTestHelper
    - CocoaLumberjack
    - FBRetainCycleDetector
    - fishhook
    - FLEX
    - GYHttpMock
    - MTAppenderFile
    - MTGLDebug

EXTERNAL SOURCES:
  MTHawkeye:
    :path: "../"

SPEC CHECKSUMS:
  AFNetworking: b6f891fdfaed196b46c7a83cf209e09697b94057
  AGAsyncTestHelper: b1399096574bab94f2c94e9be3e8d88e7cefbc17
  CocoaLumberjack: 118bf4a820efc641f79fa487b75ed928dccfae23
  FBRetainCycleDetector: 46f8179bbb1c587deee3ea838a1a3ee02acf5015
  fishhook: ea19933abfe8f2f52c55fd8b6e2718467d3ebc89
  FLEX: d66c759bce0f6ebbbf472c742380874d846f2883
  GYHttpMock: ad08e55ce8bde4e7f7b4d0cbc79ff23c1311658b
  MTAppenderFile: bf01581e34bd597267ddbb2b624060203fa2e68e
  MTGLDebug: b1bbccd25ddd30cc912e9a9e529057e73a2c9dfa
  MTHawkeye: ff3689f427e183f002fa4574b45855414feadde5

PODFILE CHECKSUM: 6836df478a8434a33db60ee5bdae355139f9b4fa

COCOAPODS: 1.6.1
